
Microsoft Visual Studio Solution File, Format Version 12.00
# Visual Studio 15
VisualStudioVersion = 15.0.28307.329
MinimumVisualStudioVersion = 10.0.40219.1
Project("{FAE04EC0-301F-11D3-BF4B-00C04F79EFBC}") = "Permutations", "Permutations\Permutations.csproj", "{07A14066-EAB9-4DCA-8755-4177949560BA}"
EndProject
Project("{FAE04EC0-301F-11D3-BF4B-00C04F79EFBC}") = "PermutationsWithRepetitions", "PermutationsWithRepetitions\PermutationsWithRepetitions.csproj", "{ED035AA6-F57A-463B-AF42-3F39830486A3}"
EndProject
Project("{FAE04EC0-301F-11D3-BF4B-00C04F79EFBC}") = "PermutationsIterative", "PermutationsIterative\PermutationsIterative.csproj", "{C575F431-CEC5-467D-9378-4953333E5E41}"
EndProject
Project("{FAE04EC0-301F-11D3-BF4B-00C04F79EFBC}") = "QuickPermAlgo", "QuickPermAlgo\QuickPermAlgo.csproj", "{C5920D2E-5C0D-4999-92E7-4241C499900F}"
EndProject
Project("{FAE04EC0-301F-11D3-BF4B-00C04F79EFBC}") = "PermAlgosCompare", "PermAlgosCompare\PermAlgosCompare.csproj", "{22DE6C79-85DB-4173-AF1A-BB0E89EBAABB}"
EndProject
Project("{FAE04EC0-301F-11D3-BF4B-00C04F79EFBC}") = "PerWithRepIterative", "PerWithRepIterative\PerWithRepIterative.csproj", "{FBA9F556-D1AC-4215-A96D-05DD82642C06}"
EndProject
Project("{FAE04EC0-301F-11D3-BF4B-00C04F79EFBC}") = "Variations", "Variations\Variations.csproj", "{1ECD9FA3-F451-4D3A-8CEF-4FE84C92677F}"
EndProject
Project("{FAE04EC0-301F-11D3-BF4B-00C04F79EFBC}") = "VariationsWithRep", "VariationsWithRep\VariationsWithRep.csproj", "{F8826DB6-99F1-4F82-9A21-CC8D177125EA}"
EndProject
Project("{FAE04EC0-301F-11D3-BF4B-00C04F79EFBC}") = "VariationWithRepIterative", "VariationWithRepIterative\VariationWithRepIterative.csproj", "{222B9019-6F4E-483B-A322-DCBB6231992B}"
EndProject
Project("{FAE04EC0-301F-11D3-BF4B-00C04F79EFBC}") = "Combinations", "Combinations\Combinations.csproj", "{AC756271-EDCB-4CB6-A708-7C7751E55075}"
EndProject
Project("{FAE04EC0-301F-11D3-BF4B-00C04F79EFBC}") = "CombinationWithRepetition", "CombinationWithRepetition\CombinationWithRepetition.csproj", "{A4B83BCB-8EFB-4032-8C6C-9E18825E3384}"
EndProject
Project("{FAE04EC0-301F-11D3-BF4B-00C04F79EFBC}") = "PascalTriangle", "PascalTriangle\PascalTriangle.csproj", "{533ED6E6-635D-4228-80DA-9803697A1250}"
EndProject
Project("{FAE04EC0-301F-11D3-BF4B-00C04F79EFBC}") = "P01Snakes", "P01Snakes\P01Snakes.csproj", "{BFE778E7-FCEF-4F5D-B646-5CF7495EC621}"
EndProject
Global
	GlobalSection(SolutionConfigurationPlatforms) = preSolution
		Debug|Any CPU = Debug|Any CPU
		Release|Any CPU = Release|Any CPU
	EndGlobalSection
	GlobalSection(ProjectConfigurationPlatforms) = postSolution
		{07A14066-EAB9-4DCA-8755-4177949560BA}.Debug|Any CPU.ActiveCfg = Debug|Any CPU
		{07A14066-EAB9-4DCA-8755-4177949560BA}.Debug|Any CPU.Build.0 = Debug|Any CPU
		{07A14066-EAB9-4DCA-8755-4177949560BA}.Release|Any CPU.ActiveCfg = Release|Any CPU
		{07A14066-EAB9-4DCA-8755-4177949560BA}.Release|Any CPU.Build.0 = Release|Any CPU
		{ED035AA6-F57A-463B-AF42-3F39830486A3}.Debug|Any CPU.ActiveCfg = Debug|Any CPU
		{ED035AA6-F57A-463B-AF42-3F39830486A3}.Debug|Any CPU.Build.0 = Debug|Any CPU
		{ED035AA6-F57A-463B-AF42-3F39830486A3}.Release|Any CPU.ActiveCfg = Release|Any CPU
		{ED035AA6-F57A-463B-AF42-3F39830486A3}.Release|Any CPU.Build.0 = Release|Any CPU
		{C575F431-CEC5-467D-9378-4953333E5E41}.Debug|Any CPU.ActiveCfg = Debug|Any CPU
		{C575F431-CEC5-467D-9378-4953333E5E41}.Debug|Any CPU.Build.0 = Debug|Any CPU
		{C575F431-CEC5-467D-9378-4953333E5E41}.Release|Any CPU.ActiveCfg = Release|Any CPU
		{C575F431-CEC5-467D-9378-4953333E5E41}.Release|Any CPU.Build.0 = Release|Any CPU
		{C5920D2E-5C0D-4999-92E7-4241C499900F}.Debug|Any CPU.ActiveCfg = Debug|Any CPU
		{C5920D2E-5C0D-4999-92E7-4241C499900F}.Debug|Any CPU.Build.0 = Debug|Any CPU
		{C5920D2E-5C0D-4999-92E7-4241C499900F}.Release|Any CPU.ActiveCfg = Release|Any CPU
		{C5920D2E-5C0D-4999-92E7-4241C499900F}.Release|Any CPU.Build.0 = Release|Any CPU
		{22DE6C79-85DB-4173-AF1A-BB0E89EBAABB}.Debug|Any CPU.ActiveCfg = Debug|Any CPU
		{22DE6C79-85DB-4173-AF1A-BB0E89EBAABB}.Debug|Any CPU.Build.0 = Debug|Any CPU
		{22DE6C79-85DB-4173-AF1A-BB0E89EBAABB}.Release|Any CPU.ActiveCfg = Release|Any CPU
		{22DE6C79-85DB-4173-AF1A-BB0E89EBAABB}.Release|Any CPU.Build.0 = Release|Any CPU
		{FBA9F556-D1AC-4215-A96D-05DD82642C06}.Debug|Any CPU.ActiveCfg = Debug|Any CPU
		{FBA9F556-D1AC-4215-A96D-05DD82642C06}.Debug|Any CPU.Build.0 = Debug|Any CPU
		{FBA9F556-D1AC-4215-A96D-05DD82642C06}.Release|Any CPU.ActiveCfg = Release|Any CPU
		{FBA9F556-D1AC-4215-A96D-05DD82642C06}.Release|Any CPU.Build.0 = Release|Any CPU
		{1ECD9FA3-F451-4D3A-8CEF-4FE84C92677F}.Debug|Any CPU.ActiveCfg = Debug|Any CPU
		{1ECD9FA3-F451-4D3A-8CEF-4FE84C92677F}.Debug|Any CPU.Build.0 = Debug|Any CPU
		{1ECD9FA3-F451-4D3A-8CEF-4FE84C92677F}.Release|Any CPU.ActiveCfg = Release|Any CPU
		{1ECD9FA3-F451-4D3A-8CEF-4FE84C92677F}.Release|Any CPU.Build.0 = Release|Any CPU
		{F8826DB6-99F1-4F82-9A21-CC8D177125EA}.Debug|Any CPU.ActiveCfg = Debug|Any CPU
		{F8826DB6-99F1-4F82-9A21-CC8D177125EA}.Debug|Any CPU.Build.0 = Debug|Any CPU
		{F8826DB6-99F1-4F82-9A21-CC8D177125EA}.Release|Any CPU.ActiveCfg = Release|Any CPU
		{F8826DB6-99F1-4F82-9A21-CC8D177125EA}.Release|Any CPU.Build.0 = Release|Any CPU
		{222B9019-6F4E-483B-A322-DCBB6231992B}.Debug|Any CPU.ActiveCfg = Debug|Any CPU
		{222B9019-6F4E-483B-A322-DCBB6231992B}.Debug|Any CPU.Build.0 = Debug|Any CPU
		{222B9019-6F4E-483B-A322-DCBB6231992B}.Release|Any CPU.ActiveCfg = Release|Any CPU
		{222B9019-6F4E-483B-A322-DCBB6231992B}.Release|Any CPU.Build.0 = Release|Any CPU
		{AC756271-EDCB-4CB6-A708-7C7751E55075}.Debug|Any CPU.ActiveCfg = Debug|Any CPU
		{AC756271-EDCB-4CB6-A708-7C7751E55075}.Debug|Any CPU.Build.0 = Debug|Any CPU
		{AC756271-EDCB-4CB6-A708-7C7751E55075}.Release|Any CPU.ActiveCfg = Release|Any CPU
		{AC756271-EDCB-4CB6-A708-7C7751E55075}.Release|Any CPU.Build.0 = Release|Any CPU
		{A4B83BCB-8EFB-4032-8C6C-9E18825E3384}.Debug|Any CPU.ActiveCfg = Debug|Any CPU
		{A4B83BCB-8EFB-4032-8C6C-9E18825E3384}.Debug|Any CPU.Build.0 = Debug|Any CPU
		{A4B83BCB-8EFB-4032-8C6C-9E18825E3384}.Release|Any CPU.ActiveCfg = Release|Any CPU
		{A4B83BCB-8EFB-4032-8C6C-9E18825E3384}.Release|Any CPU.Build.0 = Release|Any CPU
		{533ED6E6-635D-4228-80DA-9803697A1250}.Debug|Any CPU.ActiveCfg = Debug|Any CPU
		{533ED6E6-635D-4228-80DA-9803697A1250}.Debug|Any CPU.Build.0 = Debug|Any CPU
		{533ED6E6-635D-4228-80DA-9803697A1250}.Release|Any CPU.ActiveCfg = Release|Any CPU
		{533ED6E6-635D-4228-80DA-9803697A1250}.Release|Any CPU.Build.0 = Release|Any CPU
		{BFE778E7-FCEF-4F5D-B646-5CF7495EC621}.Debug|Any CPU.ActiveCfg = Debug|Any CPU
		{BFE778E7-FCEF-4F5D-B646-5CF7495EC621}.Debug|Any CPU.Build.0 = Debug|Any CPU
		{BFE778E7-FCEF-4F5D-B646-5CF7495EC621}.Release|Any CPU.ActiveCfg = Release|Any CPU
		{BFE778E7-FCEF-4F5D-B646-5CF7495EC621}.Release|Any CPU.Build.0 = Release|Any CPU
	EndGlobalSection
	GlobalSection(SolutionProperties) = preSolution
		HideSolutionNode = FALSE
	EndGlobalSection
	GlobalSection(ExtensibilityGlobals) = postSolution
		SolutionGuid = {E8B2162E-9CAC-4B62-837C-EE725B1ECF99}
	EndGlobalSection
EndGlobal
