
Microsoft Visual Studio Solution File, Format Version 12.00
# Visual Studio 15
VisualStudioVersion = 15.0.28307.329
MinimumVisualStudioVersion = 10.0.40219.1
Project("{FAE04EC0-301F-11D3-BF4B-00C04F79EFBC}") = "LongestIncreasingSubsequence", "LongestIncreasingSubsequence\LongestIncreasingSubsequence.csproj", "{F59FAE44-78D6-4466-89F0-71871A695E99}"
EndProject
Project("{FAE04EC0-301F-11D3-BF4B-00C04F79EFBC}") = "Fibonacci", "Fibonacci\Fibonacci.csproj", "{9B0ECF43-57CA-48D2-9EA4-8A604CEFC0BE}"
EndProject
Project("{FAE04EC0-301F-11D3-BF4B-00C04F79EFBC}") = "LISIterative", "LISIterative\LISIterative.csproj", "{6C214023-1630-4906-B435-0D25C78DA490}"
EndProject
Project("{FAE04EC0-301F-11D3-BF4B-00C04F79EFBC}") = "MoveDownRightSum", "MoveDownRightSum\MoveDownRightSum.csproj", "{11F5ADC0-8935-4A6E-AF45-657FCDE32B9A}"
EndProject
Project("{FAE04EC0-301F-11D3-BF4B-00C04F79EFBC}") = "RodCutting", "RodCutting\RodCutting.csproj", "{D84B0F23-536A-4DF5-A595-7060A063315F}"
EndProject
Project("{FAE04EC0-301F-11D3-BF4B-00C04F79EFBC}") = "Knapsack", "Knapsack\Knapsack.csproj", "{115DDB2D-57BA-4633-8C7C-1B145B21B380}"
EndProject
Project("{FAE04EC0-301F-11D3-BF4B-00C04F79EFBC}") = "LongestCommonSubsequence", "LongestCommonSubsequence\LongestCommonSubsequence.csproj", "{19AFB8DE-4BBB-4113-9043-D8A567E5AEDE}"
EndProject
Project("{FAE04EC0-301F-11D3-BF4B-00C04F79EFBC}") = "SubsetSum", "SubsetSum\SubsetSum.csproj", "{CBC6E46B-C1F4-4124-BC23-2A66E1A67E98}"
EndProject
Project("{FAE04EC0-301F-11D3-BF4B-00C04F79EFBC}") = "SubsetSumsWithRepeat", "SubsetSumsWithRepeat\SubsetSumsWithRepeat.csproj", "{BA4B30C7-82F2-4021-A2D5-989BFAE3A4C3}"
EndProject
Global
	GlobalSection(SolutionConfigurationPlatforms) = preSolution
		Debug|Any CPU = Debug|Any CPU
		Release|Any CPU = Release|Any CPU
	EndGlobalSection
	GlobalSection(ProjectConfigurationPlatforms) = postSolution
		{F59FAE44-78D6-4466-89F0-71871A695E99}.Debug|Any CPU.ActiveCfg = Debug|Any CPU
		{F59FAE44-78D6-4466-89F0-71871A695E99}.Debug|Any CPU.Build.0 = Debug|Any CPU
		{F59FAE44-78D6-4466-89F0-71871A695E99}.Release|Any CPU.ActiveCfg = Release|Any CPU
		{F59FAE44-78D6-4466-89F0-71871A695E99}.Release|Any CPU.Build.0 = Release|Any CPU
		{9B0ECF43-57CA-48D2-9EA4-8A604CEFC0BE}.Debug|Any CPU.ActiveCfg = Debug|Any CPU
		{9B0ECF43-57CA-48D2-9EA4-8A604CEFC0BE}.Debug|Any CPU.Build.0 = Debug|Any CPU
		{9B0ECF43-57CA-48D2-9EA4-8A604CEFC0BE}.Release|Any CPU.ActiveCfg = Release|Any CPU
		{9B0ECF43-57CA-48D2-9EA4-8A604CEFC0BE}.Release|Any CPU.Build.0 = Release|Any CPU
		{6C214023-1630-4906-B435-0D25C78DA490}.Debug|Any CPU.ActiveCfg = Debug|Any CPU
		{6C214023-1630-4906-B435-0D25C78DA490}.Debug|Any CPU.Build.0 = Debug|Any CPU
		{6C214023-1630-4906-B435-0D25C78DA490}.Release|Any CPU.ActiveCfg = Release|Any CPU
		{6C214023-1630-4906-B435-0D25C78DA490}.Release|Any CPU.Build.0 = Release|Any CPU
		{11F5ADC0-8935-4A6E-AF45-657FCDE32B9A}.Debug|Any CPU.ActiveCfg = Debug|Any CPU
		{11F5ADC0-8935-4A6E-AF45-657FCDE32B9A}.Debug|Any CPU.Build.0 = Debug|Any CPU
		{11F5ADC0-8935-4A6E-AF45-657FCDE32B9A}.Release|Any CPU.ActiveCfg = Release|Any CPU
		{11F5ADC0-8935-4A6E-AF45-657FCDE32B9A}.Release|Any CPU.Build.0 = Release|Any CPU
		{D84B0F23-536A-4DF5-A595-7060A063315F}.Debug|Any CPU.ActiveCfg = Debug|Any CPU
		{D84B0F23-536A-4DF5-A595-7060A063315F}.Debug|Any CPU.Build.0 = Debug|Any CPU
		{D84B0F23-536A-4DF5-A595-7060A063315F}.Release|Any CPU.ActiveCfg = Release|Any CPU
		{D84B0F23-536A-4DF5-A595-7060A063315F}.Release|Any CPU.Build.0 = Release|Any CPU
		{115DDB2D-57BA-4633-8C7C-1B145B21B380}.Debug|Any CPU.ActiveCfg = Debug|Any CPU
		{115DDB2D-57BA-4633-8C7C-1B145B21B380}.Debug|Any CPU.Build.0 = Debug|Any CPU
		{115DDB2D-57BA-4633-8C7C-1B145B21B380}.Release|Any CPU.ActiveCfg = Release|Any CPU
		{115DDB2D-57BA-4633-8C7C-1B145B21B380}.Release|Any CPU.Build.0 = Release|Any CPU
		{19AFB8DE-4BBB-4113-9043-D8A567E5AEDE}.Debug|Any CPU.ActiveCfg = Debug|Any CPU
		{19AFB8DE-4BBB-4113-9043-D8A567E5AEDE}.Debug|Any CPU.Build.0 = Debug|Any CPU
		{19AFB8DE-4BBB-4113-9043-D8A567E5AEDE}.Release|Any CPU.ActiveCfg = Release|Any CPU
		{19AFB8DE-4BBB-4113-9043-D8A567E5AEDE}.Release|Any CPU.Build.0 = Release|Any CPU
		{CBC6E46B-C1F4-4124-BC23-2A66E1A67E98}.Debug|Any CPU.ActiveCfg = Debug|Any CPU
		{CBC6E46B-C1F4-4124-BC23-2A66E1A67E98}.Debug|Any CPU.Build.0 = Debug|Any CPU
		{CBC6E46B-C1F4-4124-BC23-2A66E1A67E98}.Release|Any CPU.ActiveCfg = Release|Any CPU
		{CBC6E46B-C1F4-4124-BC23-2A66E1A67E98}.Release|Any CPU.Build.0 = Release|Any CPU
		{BA4B30C7-82F2-4021-A2D5-989BFAE3A4C3}.Debug|Any CPU.ActiveCfg = Debug|Any CPU
		{BA4B30C7-82F2-4021-A2D5-989BFAE3A4C3}.Debug|Any CPU.Build.0 = Debug|Any CPU
		{BA4B30C7-82F2-4021-A2D5-989BFAE3A4C3}.Release|Any CPU.ActiveCfg = Release|Any CPU
		{BA4B30C7-82F2-4021-A2D5-989BFAE3A4C3}.Release|Any CPU.Build.0 = Release|Any CPU
	EndGlobalSection
	GlobalSection(SolutionProperties) = preSolution
		HideSolutionNode = FALSE
	EndGlobalSection
	GlobalSection(ExtensibilityGlobals) = postSolution
		SolutionGuid = {1948824C-4ECC-4EF0-9D81-47C196438E3A}
	EndGlobalSection
EndGlobal
