
Microsoft Visual Studio Solution File, Format Version 12.00
# Visual Studio 15
VisualStudioVersion = 15.0.28307.329
MinimumVisualStudioVersion = 10.0.40219.1
Project("{FAE04EC0-301F-11D3-BF4B-00C04F79EFBC}") = "BinominalCoefficients", "BinominalCoefficients\BinominalCoefficients.csproj", "{B7FFA38A-E108-48D5-8419-D2CEEC283C7B}"
EndProject
Global
	GlobalSection(SolutionConfigurationPlatforms) = preSolution
		Debug|Any CPU = Debug|Any CPU
		Release|Any CPU = Release|Any CPU
	EndGlobalSection
	GlobalSection(ProjectConfigurationPlatforms) = postSolution
		{B7FFA38A-E108-48D5-8419-D2CEEC283C7B}.Debug|Any CPU.ActiveCfg = Debug|Any CPU
		{B7FFA38A-E108-48D5-8419-D2CEEC283C7B}.Debug|Any CPU.Build.0 = Debug|Any CPU
		{B7FFA38A-E108-48D5-8419-D2CEEC283C7B}.Release|Any CPU.ActiveCfg = Release|Any CPU
		{B7FFA38A-E108-48D5-8419-D2CEEC283C7B}.Release|Any CPU.Build.0 = Release|Any CPU
	EndGlobalSection
	GlobalSection(SolutionProperties) = preSolution
		HideSolutionNode = FALSE
	EndGlobalSection
	GlobalSection(ExtensibilityGlobals) = postSolution
		SolutionGuid = {804F159E-A8F3-4EFB-93B3-F210F0484F15}
	EndGlobalSection
EndGlobal
